version: 0.157.0
dependencies:
- name: jupyterhub
  repository: https://jupyterhub.github.io/helm-chart
  version: 3.0.0
- name: ska-tango-base
  repository: https://artefact.skao.int/repository/helm-internal
  version: 0.4.8
- name: ska-tango-tangogql
  repository: https://artefact.skao.int/repository/helm-internal
  version: 1.3.10
- name: ska-tango-taranta
  repository: https://artefact.skao.int/repository/helm-internal
  version: 2.4.2
- name: ska-tango-taranta-auth
  repository: https://artefact.skao.int/repository/helm-internal
  version: 0.1.9
- name: ska-tango-taranta-dashboard
  repository: https://artefact.skao.int/repository/helm-internal
  version: 1.4.1
- name: ska-tango-taranta-dashboard-pvc
  repository: https://artefact.skao.int/repository/helm-internal
  version: 1.4.1
digest: sha256:fcd6fba699d42a735ddeb57d5049390d5ad7380f0adbb4bd6fc5d9daccc8c797
generated: "2023-12-16T22:56:35.463305011+08:00"
