version: 1.1.0
dependencies:
  - name: jupyterhub
    repository: https://jupyterhub.github.io/helm-chart
    version: 3.0.0
  - name: ska-tango-base
    repository: https://artefact.skao.int/repository/helm-internal
    version: 0.4.23
  - name: ska-tango-tangogql
    repository: https://artefact.skao.int/repository/helm-internal
    version: 1.3.12
  - name: ska-tango-taranta
    repository: https://artefact.skao.int/repository/helm-internal
    version: 2.5.1
  - name: ska-tango-taranta-auth
    repository: https://artefact.skao.int/repository/helm-internal
    version: 0.1.9
  - name: ska-tango-taranta-dashboard
    repository: https://artefact.skao.int/repository/helm-internal
    version: 1.4.1
  - name: ska-tango-taranta-dashboard-pvc
    repository: https://artefact.skao.int/repository/helm-internal
    version: 1.4.1
digest: sha256:3935fa9e05ccc97a508b0e04354763742e7f4bbf034352040799a7b95c839ee5
generated: "2025-08-21T13:35:44.400416227+08:00"
